
Microsoft Visual Studio Solution File, Format Version 12.00
# Visual Studio Version 17
VisualStudioVersion = 17.11.35327.3
MinimumVisualStudioVersion = 10.0.40219.1
Project("{FAE04EC0-301F-11D3-BF4B-00C04F79EFBC}") = "VIDEO CALL", "VIDEO CALL\VIDEO CALL.csproj", "{A8175772-B926-485A-AC12-F8757BEE2889}"
EndProject
Global
	GlobalSection(SolutionConfigurationPlatforms) = preSolution
		Debug|Any CPU = Debug|Any CPU
		Release|Any CPU = Release|Any CPU
	EndGlobalSection
	GlobalSection(ProjectConfigurationPlatforms) = postSolution
		{A8175772-B926-485A-AC12-F8757BEE2889}.Debug|Any CPU.ActiveCfg = Debug|Any CPU
		{A8175772-B926-485A-AC12-F8757BEE2889}.Debug|Any CPU.Build.0 = Debug|Any CPU
		{A8175772-B926-485A-AC12-F8757BEE2889}.Release|Any CPU.ActiveCfg = Release|Any CPU
		{A8175772-B926-485A-AC12-F8757BEE2889}.Release|Any CPU.Build.0 = Release|Any CPU
	EndGlobalSection
	GlobalSection(SolutionProperties) = preSolution
		HideSolutionNode = FALSE
	EndGlobalSection
	GlobalSection(ExtensibilityGlobals) = postSolution
		SolutionGuid = {858490DD-9F40-4D9F-8BF1-E9D070A2B30F}
	EndGlobalSection
EndGlobal
